// !$*UTF8*$!
{
	archiveVersion = 1;
	classes = {
	};
	objectVersion = 46;
	objects = {

/* Begin PBXBuildFile section */
		738075C71545E10B00D22E1E /* ABPerson_Display.m in Sources */ = {isa = PBXBuildFile; fileRef = 738075BF1545E10B00D22E1E /* ABPerson_Display.m */; };
		738075C81545E10B00D22E1E /* QSABMimicActionProvider.m in Sources */ = {isa = PBXBuildFile; fileRef = 738075C21545E10B00D22E1E /* QSABMimicActionProvider.m */; };
		738075C91545E10B00D22E1E /* QSABSource.m in Sources */ = {isa = PBXBuildFile; fileRef = 738075C41545E10B00D22E1E /* QSABSource.m */; };
		738075CA1545E10B00D22E1E /* QSObject_ContactHandling.m in Sources */ = {isa = PBXBuildFile; fileRef = 738075C61545E10B00D22E1E /* QSObject_ContactHandling.m */; };
		73FC134F1545507600956087 /* Cocoa.framework in Frameworks */ = {isa = PBXBuildFile; fileRef = 73FC134E1545507600956087 /* Cocoa.framework */; };
/* End PBXBuildFile section */

/* Begin PBXFileReference section */
		738075BE1545E10B00D22E1E /* ABPerson_Display.h */ = {isa = PBXFileReference; fileEncoding = 4; lastKnownFileType = sourcecode.c.h; path = ABPerson_Display.h; sourceTree = SOURCE_ROOT; };
		738075BF1545E10B00D22E1E /* ABPerson_Display.m */ = {isa = PBXFileReference; fileEncoding = 4; lastKnownFileType = sourcecode.c.objc; path = ABPerson_Display.m; sourceTree = SOURCE_ROOT; };
		738075C01545E10B00D22E1E /* ABTelephony.h */ = {isa = PBXFileReference; fileEncoding = 4; lastKnownFileType = sourcecode.c.h; path = ABTelephony.h; sourceTree = SOURCE_ROOT; };
		738075C11545E10B00D22E1E /* QSABMimicActionProvider.h */ = {isa = PBXFileReference; fileEncoding = 4; lastKnownFileType = sourcecode.c.h; path = QSABMimicActionProvider.h; sourceTree = SOURCE_ROOT; };
		738075C21545E10B00D22E1E /* QSABMimicActionProvider.m */ = {isa = PBXFileReference; fileEncoding = 4; lastKnownFileType = sourcecode.c.objc; path = QSABMimicActionProvider.m; sourceTree = SOURCE_ROOT; };
		738075C31545E10B00D22E1E /* QSABSource.h */ = {isa = PBXFileReference; fileEncoding = 4; lastKnownFileType = sourcecode.c.h; path = QSABSource.h; sourceTree = SOURCE_ROOT; };
		738075C41545E10B00D22E1E /* QSABSource.m */ = {isa = PBXFileReference; fileEncoding = 4; lastKnownFileType = sourcecode.c.objc; path = QSABSource.m; sourceTree = SOURCE_ROOT; };
		738075C51545E10B00D22E1E /* QSObject_ContactHandling.h */ = {isa = PBXFileReference; fileEncoding = 4; lastKnownFileType = sourcecode.c.h; path = QSObject_ContactHandling.h; sourceTree = SOURCE_ROOT; };
		738075C61545E10B00D22E1E /* QSObject_ContactHandling.m */ = {isa = PBXFileReference; fileEncoding = 4; lastKnownFileType = sourcecode.c.objc; path = QSObject_ContactHandling.m; sourceTree = SOURCE_ROOT; };
		73FC134B1545507500956087 /* QSAddressBookPlugin.qsplugin */ = {isa = PBXFileReference; explicitFileType = wrapper.cfbundle; includeInIndex = 0; path = QSAddressBookPlugin.qsplugin; sourceTree = BUILT_PRODUCTS_DIR; };
		73FC134E1545507600956087 /* Cocoa.framework */ = {isa = PBXFileReference; lastKnownFileType = wrapper.framework; name = Cocoa.framework; path = System/Library/Frameworks/Cocoa.framework; sourceTree = SDKROOT; };
		73FC13521545507600956087 /* Info.plist */ = {isa = PBXFileReference; lastKnownFileType = text.plist.xml; path = Info.plist; sourceTree = SOURCE_ROOT; };
		73FC13571545507600956087 /* Common.xcconfig */ = {isa = PBXFileReference; lastKnownFileType = text.xcconfig; path = Common.xcconfig; sourceTree = "<group>"; };
		73FC13581545507600956087 /* Debug.xcconfig */ = {isa = PBXFileReference; lastKnownFileType = text.xcconfig; path = Debug.xcconfig; sourceTree = "<group>"; };
		73FC13591545507600956087 /* Developer.xcconfig */ = {isa = PBXFileReference; lastKnownFileType = text.xcconfig; path = Developer.xcconfig; sourceTree = "<group>"; };
		73FC135A1545507600956087 /* QSPlugIn.xcconfig */ = {isa = PBXFileReference; lastKnownFileType = text.xcconfig; path = QSPlugIn.xcconfig; sourceTree = "<group>"; };
		73FC135D1545507600956087 /* Quicksilver.pch */ = {isa = PBXFileReference; lastKnownFileType = sourcecode.c.h; path = Quicksilver.pch; sourceTree = "<group>"; };
		73FC135E1545507600956087 /* Release.xcconfig */ = {isa = PBXFileReference; lastKnownFileType = text.xcconfig; path = Release.xcconfig; sourceTree = "<group>"; };
/* End PBXFileReference section */

/* Begin PBXFrameworksBuildPhase section */
		73FC13471545507500956087 /* Frameworks */ = {
			isa = PBXFrameworksBuildPhase;
			buildActionMask = 2147483647;
			files = (
				73FC134F1545507600956087 /* Cocoa.framework in Frameworks */,
			);
			runOnlyForDeploymentPostprocessing = 0;
		};
/* End PBXFrameworksBuildPhase section */

/* Begin PBXGroup section */
		73FC133F1545507500956087 = {
			isa = PBXGroup;
			children = (
				73FC13561545507600956087 /* Configuration */,
				73FC13501545507600956087 /* QSAddressBookPlugin */,
				73FC134D1545507500956087 /* Frameworks */,
				73FC134C1545507500956087 /* Products */,
			);
			sourceTree = "<group>";
		};
		73FC134C1545507500956087 /* Products */ = {
			isa = PBXGroup;
			children = (
				73FC134B1545507500956087 /* QSAddressBookPlugin.qsplugin */,
			);
			name = Products;
			sourceTree = "<group>";
		};
		73FC134D1545507500956087 /* Frameworks */ = {
			isa = PBXGroup;
			children = (
				73FC134E1545507600956087 /* Cocoa.framework */,
			);
			name = Frameworks;
			sourceTree = "<group>";
		};
		73FC13501545507600956087 /* QSAddressBookPlugin */ = {
			isa = PBXGroup;
			children = (
				738075BE1545E10B00D22E1E /* ABPerson_Display.h */,
				738075BF1545E10B00D22E1E /* ABPerson_Display.m */,
				738075C01545E10B00D22E1E /* ABTelephony.h */,
				738075C11545E10B00D22E1E /* QSABMimicActionProvider.h */,
				738075C21545E10B00D22E1E /* QSABMimicActionProvider.m */,
				738075C31545E10B00D22E1E /* QSABSource.h */,
				738075C41545E10B00D22E1E /* QSABSource.m */,
				738075C51545E10B00D22E1E /* QSObject_ContactHandling.h */,
				738075C61545E10B00D22E1E /* QSObject_ContactHandling.m */,
				73FC13511545507600956087 /* Supporting Files */,
			);
			path = QSAddressBookPlugin;
			sourceTree = "<group>";
		};
		73FC13511545507600956087 /* Supporting Files */ = {
			isa = PBXGroup;
			children = (
				73FC13521545507600956087 /* Info.plist */,
			);
			name = "Supporting Files";
			sourceTree = "<group>";
		};
		73FC13561545507600956087 /* Configuration */ = {
			isa = PBXGroup;
			children = (
				73FC13571545507600956087 /* Common.xcconfig */,
				73FC13581545507600956087 /* Debug.xcconfig */,
				73FC13591545507600956087 /* Developer.xcconfig */,
				73FC135A1545507600956087 /* QSPlugIn.xcconfig */,
				73FC135D1545507600956087 /* Quicksilver.pch */,
				73FC135E1545507600956087 /* Release.xcconfig */,
			);
			name = Configuration;
			path = /tmp/QS/Configuration;
			sourceTree = "<absolute>";
		};
/* End PBXGroup section */

/* Begin PBXNativeTarget section */
		73FC134A1545507500956087 /* QSAddressBookPlugin */ = {
			isa = PBXNativeTarget;
			buildConfigurationList = 73FC136C1545507600956087 /* Build configuration list for PBXNativeTarget "QSAddressBookPlugin" */;
			buildPhases = (
				73FC13491545507500956087 /* Update Version and Documentation */,
				73FC13461545507500956087 /* Sources */,
				73FC13471545507500956087 /* Frameworks */,
				73FC13481545507500956087 /* Resources */,
			);
			buildRules = (
			);
			dependencies = (
			);
			name = QSAddressBookPlugin;
			productName = QSAddressBookPlugin;
			productReference = 73FC134B1545507500956087 /* QSAddressBookPlugin.qsplugin */;
			productType = "com.apple.product-type.bundle";
		};
/* End PBXNativeTarget section */

/* Begin PBXProject section */
		73FC13411545507500956087 /* Project object */ = {
			isa = PBXProject;
			buildConfigurationList = 73FC13441545507500956087 /* Build configuration list for PBXProject "QSAddressBookPlugIn" */;
			compatibilityVersion = "Xcode 3.2";
			developmentRegion = English;
			hasScannedForEncodings = 0;
			knownRegions = (
				en,
			);
			mainGroup = 73FC133F1545507500956087;
			productRefGroup = 73FC134C1545507500956087 /* Products */;
			projectDirPath = "";
			projectRoot = "";
			targets = (
				73FC134A1545507500956087 /* QSAddressBookPlugin */,
			);
		};
/* End PBXProject section */

/* Begin PBXResourcesBuildPhase section */
		73FC13481545507500956087 /* Resources */ = {
			isa = PBXResourcesBuildPhase;
			buildActionMask = 2147483647;
			files = (
			);
			runOnlyForDeploymentPostprocessing = 0;
		};
/* End PBXResourcesBuildPhase section */

/* Begin PBXShellScriptBuildPhase section */
		73FC13491545507500956087 /* Update Version and Documentation */ = {
			isa = PBXShellScriptBuildPhase;
			buildActionMask = 2147483647;
			files = (
			);
			inputPaths = (
			);
			name = "Update Version and Documentation";
			outputPaths = (
			);
			runOnlyForDeploymentPostprocessing = 1;
			shellPath = /bin/sh;
			shellScript = "\"$QS_BUILD_ROOT/Tools/bltrversion\"";
		};
/* End PBXShellScriptBuildPhase section */

/* Begin PBXSourcesBuildPhase section */
		73FC13461545507500956087 /* Sources */ = {
			isa = PBXSourcesBuildPhase;
			buildActionMask = 2147483647;
			files = (
				738075C71545E10B00D22E1E /* ABPerson_Display.m in Sources */,
				738075C81545E10B00D22E1E /* QSABMimicActionProvider.m in Sources */,
				738075C91545E10B00D22E1E /* QSABSource.m in Sources */,
				738075CA1545E10B00D22E1E /* QSObject_ContactHandling.m in Sources */,
			);
			runOnlyForDeploymentPostprocessing = 0;
		};
/* End PBXSourcesBuildPhase section */

/* Begin XCBuildConfiguration section */
		73FC136A1545507600956087 /* Debug */ = {
			isa = XCBuildConfiguration;
			baseConfigurationReference = 73FC13581545507600956087 /* Debug.xcconfig */;
			buildSettings = {
			};
			name = Debug;
		};
		73FC136B1545507600956087 /* Release */ = {
			isa = XCBuildConfiguration;
			baseConfigurationReference = 73FC135E1545507600956087 /* Release.xcconfig */;
			buildSettings = {
			};
			name = Release;
		};
		73FC136D1545507600956087 /* Debug */ = {
			isa = XCBuildConfiguration;
			baseConfigurationReference = 73FC135A1545507600956087 /* QSPlugIn.xcconfig */;
			buildSettings = {
				PRODUCT_NAME = "$(TARGET_NAME)";
			};
			name = Debug;
		};
		73FC136E1545507600956087 /* Release */ = {
			isa = XCBuildConfiguration;
			baseConfigurationReference = 73FC135A1545507600956087 /* QSPlugIn.xcconfig */;
			buildSettings = {
				PRODUCT_NAME = "$(TARGET_NAME)";
			};
			name = Release;
		};
/* End XCBuildConfiguration section */

/* Begin XCConfigurationList section */
		73FC13441545507500956087 /* Build configuration list for PBXProject "QSAddressBookPlugIn" */ = {
			isa = XCConfigurationList;
			buildConfigurations = (
				73FC136A1545507600956087 /* Debug */,
				73FC136B1545507600956087 /* Release */,
			);
			defaultConfigurationIsVisible = 0;
			defaultConfigurationName = Release;
		};
		73FC136C1545507600956087 /* Build configuration list for PBXNativeTarget "QSAddressBookPlugin" */ = {
			isa = XCConfigurationList;
			buildConfigurations = (
				73FC136D1545507600956087 /* Debug */,
				73FC136E1545507600956087 /* Release */,
			);
			defaultConfigurationIsVisible = 0;
			defaultConfigurationName = Release;
		};
/* End XCConfigurationList section */
	};
	rootObject = 73FC13411545507500956087 /* Project object */;
}
