// !$*UTF8*$!
{
	archiveVersion = 1;
	classes = {
	};
	objectVersion = 46;
	objects = {

/* Begin PBXBuildFile section */
		73E2467F1545A19B0099A21B /* ABPerson_Display.m in Sources */ = {isa = PBXBuildFile; fileRef = 73E2467D1545A19B0099A21B /* ABPerson_Display.m */; };
		73EC5C37154566CB0015447F /* QSABMimicActionProvider.m in Sources */ = {isa = PBXBuildFile; fileRef = 73EC5C31154566CB0015447F /* QSABMimicActionProvider.m */; };
		73EC5C38154566CB0015447F /* QSABSource.m in Sources */ = {isa = PBXBuildFile; fileRef = 73EC5C33154566CB0015447F /* QSABSource.m */; };
		73EC5C3A154566CB0015447F /* QSObject_ContactHandling.m in Sources */ = {isa = PBXBuildFile; fileRef = 73EC5C36154566CB0015447F /* QSObject_ContactHandling.m */; };
		73FC134F1545507600956087 /* Cocoa.framework in Frameworks */ = {isa = PBXBuildFile; fileRef = 73FC134E1545507600956087 /* Cocoa.framework */; };
/* End PBXBuildFile section */

/* Begin PBXFileReference section */
		73E2467C1545A19B0099A21B /* ABPerson_Display.h */ = {isa = PBXFileReference; fileEncoding = 4; lastKnownFileType = sourcecode.c.h; name = ABPerson_Display.h; path = ../ABPerson_Display.h; sourceTree = "<group>"; };
		73E2467D1545A19B0099A21B /* ABPerson_Display.m */ = {isa = PBXFileReference; fileEncoding = 4; lastKnownFileType = sourcecode.c.objc; name = ABPerson_Display.m; path = ../ABPerson_Display.m; sourceTree = "<group>"; };
		73E2467E1545A19B0099A21B /* ABTelephony.h */ = {isa = PBXFileReference; fileEncoding = 4; lastKnownFileType = sourcecode.c.h; name = ABTelephony.h; path = ../ABTelephony.h; sourceTree = "<group>"; };
		73EC5C30154566CB0015447F /* QSABMimicActionProvider.h */ = {isa = PBXFileReference; fileEncoding = 4; lastKnownFileType = sourcecode.c.h; name = QSABMimicActionProvider.h; path = ../QSABMimicActionProvider.h; sourceTree = "<group>"; };
		73EC5C31154566CB0015447F /* QSABMimicActionProvider.m */ = {isa = PBXFileReference; fileEncoding = 4; lastKnownFileType = sourcecode.c.objc; name = QSABMimicActionProvider.m; path = ../QSABMimicActionProvider.m; sourceTree = "<group>"; };
		73EC5C32154566CB0015447F /* QSABSource.h */ = {isa = PBXFileReference; fileEncoding = 4; lastKnownFileType = sourcecode.c.h; name = QSABSource.h; path = ../QSABSource.h; sourceTree = "<group>"; };
		73EC5C33154566CB0015447F /* QSABSource.m */ = {isa = PBXFileReference; fileEncoding = 4; lastKnownFileType = sourcecode.c.objc; name = QSABSource.m; path = ../QSABSource.m; sourceTree = "<group>"; };
		73EC5C35154566CB0015447F /* QSObject_ContactHandling.h */ = {isa = PBXFileReference; fileEncoding = 4; lastKnownFileType = sourcecode.c.h; name = QSObject_ContactHandling.h; path = ../QSObject_ContactHandling.h; sourceTree = "<group>"; };
		73EC5C36154566CB0015447F /* QSObject_ContactHandling.m */ = {isa = PBXFileReference; fileEncoding = 4; lastKnownFileType = sourcecode.c.objc; name = QSObject_ContactHandling.m; path = ../QSObject_ContactHandling.m; sourceTree = "<group>"; };
		73FC134B1545507500956087 /* QSAddressBookPlugin.qsplugin */ = {isa = PBXFileReference; explicitFileType = wrapper.cfbundle; includeInIndex = 0; path = QSAddressBookPlugin.qsplugin; sourceTree = BUILT_PRODUCTS_DIR; };
		73FC134E1545507600956087 /* Cocoa.framework */ = {isa = PBXFileReference; lastKnownFileType = wrapper.framework; name = Cocoa.framework; path = System/Library/Frameworks/Cocoa.framework; sourceTree = SDKROOT; };
		73FC13521545507600956087 /* Info.plist */ = {isa = PBXFileReference; lastKnownFileType = text.plist.xml; path = Info.plist; sourceTree = SOURCE_ROOT; };
		73FC13541545507600956087 /* en */ = {isa = PBXFileReference; lastKnownFileType = text.plist.strings; name = en; path = en.lproj/InfoPlist.strings; sourceTree = "<group>"; };
		73FC13571545507600956087 /* Common.xcconfig */ = {isa = PBXFileReference; lastKnownFileType = text.xcconfig; path = Common.xcconfig; sourceTree = "<group>"; };
		73FC13581545507600956087 /* Debug.xcconfig */ = {isa = PBXFileReference; lastKnownFileType = text.xcconfig; path = Debug.xcconfig; sourceTree = "<group>"; };
		73FC13591545507600956087 /* Developer.xcconfig */ = {isa = PBXFileReference; lastKnownFileType = text.xcconfig; path = Developer.xcconfig; sourceTree = "<group>"; };
		73FC135A1545507600956087 /* QSPlugIn.xcconfig */ = {isa = PBXFileReference; lastKnownFileType = text.xcconfig; path = QSPlugIn.xcconfig; sourceTree = "<group>"; };
		73FC135B1545507600956087 /* QSPlugIn_Debug.xcconfig */ = {isa = PBXFileReference; lastKnownFileType = text.xcconfig; path = QSPlugIn_Debug.xcconfig; sourceTree = "<group>"; };
		73FC135C1545507600956087 /* QSPlugIn_Release.xcconfig */ = {isa = PBXFileReference; lastKnownFileType = text.xcconfig; path = QSPlugIn_Release.xcconfig; sourceTree = "<group>"; };
		73FC135D1545507600956087 /* Quicksilver.pch */ = {isa = PBXFileReference; lastKnownFileType = sourcecode.c.h; path = Quicksilver.pch; sourceTree = "<group>"; };
		73FC135E1545507600956087 /* Release.xcconfig */ = {isa = PBXFileReference; lastKnownFileType = text.xcconfig; path = Release.xcconfig; sourceTree = "<group>"; };
/* End PBXFileReference section */

/* Begin PBXFrameworksBuildPhase section */
		73FC13471545507500956087 /* Frameworks */ = {
			isa = PBXFrameworksBuildPhase;
			buildActionMask = 2147483647;
			files = (
				73FC134F1545507600956087 /* Cocoa.framework in Frameworks */,
			);
			runOnlyForDeploymentPostprocessing = 0;
		};
/* End PBXFrameworksBuildPhase section */

/* Begin PBXGroup section */
		73FC133F1545507500956087 = {
			isa = PBXGroup;
			children = (
				73FC13501545507600956087 /* QSAddressBookPlugin */,
				73FC13561545507600956087 /* Configuration */,
				73FC134D1545507500956087 /* Frameworks */,
				73FC134C1545507500956087 /* Products */,
			);
			sourceTree = "<group>";
		};
		73FC134C1545507500956087 /* Products */ = {
			isa = PBXGroup;
			children = (
				73FC134B1545507500956087 /* QSAddressBookPlugin.qsplugin */,
			);
			name = Products;
			sourceTree = "<group>";
		};
		73FC134D1545507500956087 /* Frameworks */ = {
			isa = PBXGroup;
			children = (
				73FC134E1545507600956087 /* Cocoa.framework */,
			);
			name = Frameworks;
			sourceTree = "<group>";
		};
		73FC13501545507600956087 /* QSAddressBookPlugin */ = {
			isa = PBXGroup;
			children = (
				73E2467C1545A19B0099A21B /* ABPerson_Display.h */,
				73E2467D1545A19B0099A21B /* ABPerson_Display.m */,
				73E2467E1545A19B0099A21B /* ABTelephony.h */,
				73EC5C30154566CB0015447F /* QSABMimicActionProvider.h */,
				73EC5C31154566CB0015447F /* QSABMimicActionProvider.m */,
				73EC5C32154566CB0015447F /* QSABSource.h */,
				73EC5C33154566CB0015447F /* QSABSource.m */,
				73EC5C35154566CB0015447F /* QSObject_ContactHandling.h */,
				73EC5C36154566CB0015447F /* QSObject_ContactHandling.m */,
				73FC13511545507600956087 /* Supporting Files */,
			);
			path = QSAddressBookPlugin;
			sourceTree = "<group>";
		};
		73FC13511545507600956087 /* Supporting Files */ = {
			isa = PBXGroup;
			children = (
				73FC13521545507600956087 /* Info.plist */,
				73FC13531545507600956087 /* InfoPlist.strings */,
			);
			name = "Supporting Files";
			sourceTree = "<group>";
		};
		73FC13561545507600956087 /* Configuration */ = {
			isa = PBXGroup;
			children = (
				73FC13571545507600956087 /* Common.xcconfig */,
				73FC13581545507600956087 /* Debug.xcconfig */,
				73FC13591545507600956087 /* Developer.xcconfig */,
				73FC135A1545507600956087 /* QSPlugIn.xcconfig */,
				73FC135B1545507600956087 /* QSPlugIn_Debug.xcconfig */,
				73FC135C1545507600956087 /* QSPlugIn_Release.xcconfig */,
				73FC135D1545507600956087 /* Quicksilver.pch */,
				73FC135E1545507600956087 /* Release.xcconfig */,
			);
			name = Configuration;
			path = /tmp/QS/Configuration;
			sourceTree = "<absolute>";
		};
/* End PBXGroup section */

/* Begin PBXNativeTarget section */
		73FC134A1545507500956087 /* QSAddressBookPlugin */ = {
			isa = PBXNativeTarget;
			buildConfigurationList = 73FC136C1545507600956087 /* Build configuration list for PBXNativeTarget "QSAddressBookPlugin" */;
			buildPhases = (
				73FC13461545507500956087 /* Sources */,
				73FC13471545507500956087 /* Frameworks */,
				73FC13481545507500956087 /* Resources */,
				73FC13491545507500956087 /* ShellScript */,
			);
			buildRules = (
			);
			dependencies = (
			);
			name = QSAddressBookPlugin;
			productName = QSAddressBookPlugin;
			productReference = 73FC134B1545507500956087 /* QSAddressBookPlugin.qsplugin */;
			productType = "com.apple.product-type.bundle";
		};
/* End PBXNativeTarget section */

/* Begin PBXProject section */
		73FC13411545507500956087 /* Project object */ = {
			isa = PBXProject;
			buildConfigurationList = 73FC13441545507500956087 /* Build configuration list for PBXProject "QSAddressBookPlugin" */;
			compatibilityVersion = "Xcode 3.2";
			developmentRegion = English;
			hasScannedForEncodings = 0;
			knownRegions = (
				en,
			);
			mainGroup = 73FC133F1545507500956087;
			productRefGroup = 73FC134C1545507500956087 /* Products */;
			projectDirPath = "";
			projectRoot = "";
			targets = (
				73FC134A1545507500956087 /* QSAddressBookPlugin */,
			);
		};
/* End PBXProject section */

/* Begin PBXResourcesBuildPhase section */
		73FC13481545507500956087 /* Resources */ = {
			isa = PBXResourcesBuildPhase;
			buildActionMask = 2147483647;
			files = (
			);
			runOnlyForDeploymentPostprocessing = 0;
		};
/* End PBXResourcesBuildPhase section */

/* Begin PBXShellScriptBuildPhase section */
		73FC13491545507500956087 /* ShellScript */ = {
			isa = PBXShellScriptBuildPhase;
			buildActionMask = 2147483647;
			files = (
			);
			inputPaths = (
			);
			outputPaths = (
			);
			runOnlyForDeploymentPostprocessing = 1;
			shellPath = /bin/sh;
			shellScript = "\"$SRCROOT/QSAddressBookPlugin/bltrversion\" \"$INFOPLIST_FILE\"";
		};
/* End PBXShellScriptBuildPhase section */

/* Begin PBXSourcesBuildPhase section */
		73FC13461545507500956087 /* Sources */ = {
			isa = PBXSourcesBuildPhase;
			buildActionMask = 2147483647;
			files = (
				73EC5C37154566CB0015447F /* QSABMimicActionProvider.m in Sources */,
				73EC5C38154566CB0015447F /* QSABSource.m in Sources */,
				73EC5C3A154566CB0015447F /* QSObject_ContactHandling.m in Sources */,
				73E2467F1545A19B0099A21B /* ABPerson_Display.m in Sources */,
			);
			runOnlyForDeploymentPostprocessing = 0;
		};
/* End PBXSourcesBuildPhase section */

/* Begin PBXVariantGroup section */
		73FC13531545507600956087 /* InfoPlist.strings */ = {
			isa = PBXVariantGroup;
			children = (
				73FC13541545507600956087 /* en */,
			);
			name = InfoPlist.strings;
			sourceTree = "<group>";
		};
/* End PBXVariantGroup section */

/* Begin XCBuildConfiguration section */
		73FC136A1545507600956087 /* Debug */ = {
			isa = XCBuildConfiguration;
			baseConfigurationReference = 73FC13581545507600956087 /* Debug.xcconfig */;
			buildSettings = {
			};
			name = Debug;
		};
		73FC136B1545507600956087 /* Release */ = {
			isa = XCBuildConfiguration;
			baseConfigurationReference = 73FC135E1545507600956087 /* Release.xcconfig */;
			buildSettings = {
			};
			name = Release;
		};
		73FC136D1545507600956087 /* Debug */ = {
			isa = XCBuildConfiguration;
			baseConfigurationReference = 73FC135A1545507600956087 /* QSPlugIn.xcconfig */;
			buildSettings = {
				PRODUCT_NAME = "$(TARGET_NAME)";
			};
			name = Debug;
		};
		73FC136E1545507600956087 /* Release */ = {
			isa = XCBuildConfiguration;
			baseConfigurationReference = 73FC135A1545507600956087 /* QSPlugIn.xcconfig */;
			buildSettings = {
				PRODUCT_NAME = "$(TARGET_NAME)";
			};
			name = Release;
		};
/* End XCBuildConfiguration section */

/* Begin XCConfigurationList section */
		73FC13441545507500956087 /* Build configuration list for PBXProject "QSAddressBookPlugin" */ = {
			isa = XCConfigurationList;
			buildConfigurations = (
				73FC136A1545507600956087 /* Debug */,
				73FC136B1545507600956087 /* Release */,
			);
			defaultConfigurationIsVisible = 0;
			defaultConfigurationName = Release;
		};
		73FC136C1545507600956087 /* Build configuration list for PBXNativeTarget "QSAddressBookPlugin" */ = {
			isa = XCConfigurationList;
			buildConfigurations = (
				73FC136D1545507600956087 /* Debug */,
				73FC136E1545507600956087 /* Release */,
			);
			defaultConfigurationIsVisible = 0;
			defaultConfigurationName = Release;
		};
/* End XCConfigurationList section */
	};
	rootObject = 73FC13411545507500956087 /* Project object */;
}
